
Microsoft Visual Studio Solution File, Format Version 12.00
# Visual Studio Version 16
VisualStudioVersion = 16.0.31729.503
MinimumVisualStudioVersion = 10.0.40219.1
Project("{FAE04EC0-301F-11D3-BF4B-00C04F79EFBC}") = "CourseCatalogApi", "CourseCatalogApi.csproj", "{4C1DD054-31C9-4B3C-A31D-8C4457B8C00D}"
EndProject
Global
	GlobalSection(SolutionConfigurationPlatforms) = preSolution
		Debug|Any CPU = Debug|Any CPU
		Release|Any CPU = Release|Any CPU
	EndGlobalSection
	GlobalSection(ProjectConfigurationPlatforms) = postSolution
		{4C1DD054-31C9-4B3C-A31D-8C4457B8C00D}.Debug|Any CPU.ActiveCfg = Debug|Any CPU
		{4C1DD054-31C9-4B3C-A31D-8C4457B8C00D}.Debug|Any CPU.Build.0 = Debug|Any CPU
		{4C1DD054-31C9-4B3C-A31D-8C4457B8C00D}.Release|Any CPU.ActiveCfg = Release|Any CPU
		{4C1DD054-31C9-4B3C-A31D-8C4457B8C00D}.Release|Any CPU.Build.0 = Release|Any CPU
	EndGlobalSection
	GlobalSection(SolutionProperties) = preSolution
		HideSolutionNode = FALSE
	EndGlobalSection
	GlobalSection(ExtensibilityGlobals) = postSolution
		SolutionGuid = {CB9C5EBB-EBEF-4AA0-949B-84E651F2D621}
	EndGlobalSection
EndGlobal
